
Microsoft Visual Studio Solution File, Format Version 12.00
# Visual Studio 15
VisualStudioVersion = 15.0.26124.0
MinimumVisualStudioVersion = 15.0.26124.0
Project("{9A19103F-16F7-4668-BE54-9A1E7A4F7556}") = "Matrix", "Matrix\Matrix.csproj", "{20D9B109-F607-4078-A66E-6EB4C612B59C}"
EndProject
Project("{9A19103F-16F7-4668-BE54-9A1E7A4F7556}") = "Matrix.Framework", "Matrix.Framework\Matrix.Framework.csproj", "{68286B4F-09EE-42C2-A080-8B513D7D81FC}"
EndProject
Project("{9A19103F-16F7-4668-BE54-9A1E7A4F7556}") = "Matrix.CLI.Model", "Matrix.CLI.Model\Matrix.CLI.Model.csproj", "{F69E13CC-EBCD-45D4-A17D-8FA218616D35}"
EndProject
Project("{9A19103F-16F7-4668-BE54-9A1E7A4F7556}") = "Matrix.CLI.Database", "Matrix.CLI.Database\Matrix.CLI.Database.csproj", "{874B5931-6537-4E99-A30B-82596677A0CB}"
EndProject
Project("{9A19103F-16F7-4668-BE54-9A1E7A4F7556}") = "Matrix.CLI.Business", "Matrix.CLI.Business\Matrix.CLI.Business.csproj", "{44A48205-7E81-4D54-A563-310931A4EAEA}"
EndProject
Project("{9A19103F-16F7-4668-BE54-9A1E7A4F7556}") = "Matrix.CLI", "Matrix.CLI\Matrix.CLI.csproj", "{D2973952-C48F-48AE-A2B6-E6EF6466625F}"
EndProject
Project("{2150E333-8FDC-42A3-9474-1A3956D46DE8}") = "CLI", "CLI", "{C0DFF1FB-C502-4FC1-8938-C2290D5E5ED1}"
EndProject
Project("{2150E333-8FDC-42A3-9474-1A3956D46DE8}") = "SDK", "SDK", "{979D112E-4CF1-4C42-BC45-975703D61C20}"
EndProject
Project("{9A19103F-16F7-4668-BE54-9A1E7A4F7556}") = "Matrix.SDK", "Matrix.SDK\Matrix.SDK.csproj", "{0C29E9BC-20DF-4FB5-83B3-5F1B59463216}"
EndProject
Project("{9A19103F-16F7-4668-BE54-9A1E7A4F7556}") = "Matrix.Api.Business", "Matrix.Api.Business\Matrix.Api.Business.csproj", "{92A34DCE-E070-4CD3-A98F-FF83E35F3BAD}"
EndProject
Project("{9A19103F-16F7-4668-BE54-9A1E7A4F7556}") = "Matrix.Api", "Matrix.Api\Matrix.Api.csproj", "{C0ECE595-EF3B-400E-A079-1A2FEDF31CA6}"
EndProject
Project("{2150E333-8FDC-42A3-9474-1A3956D46DE8}") = "Api", "Api", "{41F23E73-EB1F-494C-84ED-6F693F67B3F6}"
EndProject
Project("{2150E333-8FDC-42A3-9474-1A3956D46DE8}") = "Services", "Services", "{1EE243CC-B38A-41EF-B854-B775BCBAE165}"
EndProject
Project("{2150E333-8FDC-42A3-9474-1A3956D46DE8}") = "Registry", "Registry", "{59A5E81D-936A-47D8-A84C-9C6C1FD46E7A}"
EndProject
Project("{9A19103F-16F7-4668-BE54-9A1E7A4F7556}") = "Matrix.Agent.Registry.Model", "Matrix.Agent.Registry.Model\Matrix.Agent.Registry.Model.csproj", "{530731A8-4F1F-4EE2-AB6F-30AE8C86DAFB}"
EndProject
Project("{9A19103F-16F7-4668-BE54-9A1E7A4F7556}") = "Matrix.Agent.Registry.Database", "Matrix.Agent.Registry.Database\Matrix.Agent.Registry.Database.csproj", "{4BFA22B4-0570-4AFD-8948-2EC95E9ED107}"
EndProject
Project("{9A19103F-16F7-4668-BE54-9A1E7A4F7556}") = "Matrix.Agent.Registry.Business", "Matrix.Agent.Registry.Business\Matrix.Agent.Registry.Business.csproj", "{B1EA9978-5116-4317-A1A7-62181E0579B8}"
EndProject
Project("{9A19103F-16F7-4668-BE54-9A1E7A4F7556}") = "Matrix.Agent.Registry", "Matrix.Agent.Registry\Matrix.Agent.Registry.csproj", "{38CBE2F5-B5C8-4FC8-8DA5-0F667F02DFE1}"
EndProject
Project("{2150E333-8FDC-42A3-9474-1A3956D46DE8}") = "Directory", "Directory", "{FA07B77E-5A50-4AB7-8643-9E083661D770}"
EndProject
Project("{9A19103F-16F7-4668-BE54-9A1E7A4F7556}") = "Matrix.Agent.Directory.Model", "Matrix.Agent.Directory.Model\Matrix.Agent.Directory.Model.csproj", "{9A5524D2-284C-43F3-9A96-FBF8FB07528C}"
EndProject
Project("{9A19103F-16F7-4668-BE54-9A1E7A4F7556}") = "Matrix.Agent.Directory.Database", "Matrix.Agent.Directory.Database\Matrix.Agent.Directory.Database.csproj", "{33CF738D-0183-436E-814F-BA056F9E90F3}"
EndProject
Project("{9A19103F-16F7-4668-BE54-9A1E7A4F7556}") = "Matrix.Agent.Directory.Business", "Matrix.Agent.Directory.Business\Matrix.Agent.Directory.Business.csproj", "{2799848B-BC1E-4A00-A0E2-588F7F8AA0E5}"
EndProject
Project("{9A19103F-16F7-4668-BE54-9A1E7A4F7556}") = "Matrix.Agent.Directory", "Matrix.Agent.Directory\Matrix.Agent.Directory.csproj", "{4F49DE96-CC32-4785-AC86-A0A95018E541}"
EndProject
Project("{2150E333-8FDC-42A3-9474-1A3956D46DE8}") = "Configurator", "Configurator", "{2A8A497F-EC3B-4E3A-91FD-7EFE78D50E53}"
EndProject
Project("{9A19103F-16F7-4668-BE54-9A1E7A4F7556}") = "Matrix.Agent.Configurator.Model", "Matrix.Agent.Configurator.Model\Matrix.Agent.Configurator.Model.csproj", "{0614FAA8-CA46-46C9-8D48-D96456F784D4}"
EndProject
Project("{9A19103F-16F7-4668-BE54-9A1E7A4F7556}") = "Matrix.Agent.Configurator.Database", "Matrix.Agent.Configurator.Database\Matrix.Agent.Configurator.Database.csproj", "{3526142D-288D-4A95-9527-7A93A989247B}"
EndProject
Project("{9A19103F-16F7-4668-BE54-9A1E7A4F7556}") = "Matrix.Agent.Configurator.Business", "Matrix.Agent.Configurator.Business\Matrix.Agent.Configurator.Business.csproj", "{F8B8AD4D-AC23-4921-89A9-20A19B414FE9}"
EndProject
Project("{9A19103F-16F7-4668-BE54-9A1E7A4F7556}") = "Matrix.Agent.Configurator", "Matrix.Agent.Configurator\Matrix.Agent.Configurator.csproj", "{4166F6A3-7CA3-4E39-BE9E-5298B8E7B085}"
EndProject
Project("{2150E333-8FDC-42A3-9474-1A3956D46DE8}") = "Postman", "Postman", "{F24993FF-BAFC-4D70-809B-83F120A12973}"
EndProject
Project("{9A19103F-16F7-4668-BE54-9A1E7A4F7556}") = "Matrix.Agent.Postman.Model", "Matrix.Agent.Postman.Model\Matrix.Agent.Postman.Model.csproj", "{32D64FB5-722C-409E-B39C-3EC1446179C6}"
EndProject
Project("{9A19103F-16F7-4668-BE54-9A1E7A4F7556}") = "Matrix.Agent.Postman.Database", "Matrix.Agent.Postman.Database\Matrix.Agent.Postman.Database.csproj", "{55CA65D7-3CF7-4FE6-9B23-2DE7F09DFB7E}"
EndProject
Project("{9A19103F-16F7-4668-BE54-9A1E7A4F7556}") = "Matrix.Agent.Postman.Business", "Matrix.Agent.Postman.Business\Matrix.Agent.Postman.Business.csproj", "{2A0F89A9-87B0-44F8-B458-66B83AB4EF58}"
EndProject
Project("{9A19103F-16F7-4668-BE54-9A1E7A4F7556}") = "Matrix.Agent.Postman", "Matrix.Agent.Postman\Matrix.Agent.Postman.csproj", "{DC690852-2590-4DB3-A48F-F9FC1D9AF90F}"
EndProject
Project("{2150E333-8FDC-42A3-9474-1A3956D46DE8}") = "Journal", "Journal", "{20263AB5-0FEF-4E27-BDDD-A62548F7A70A}"
EndProject
Project("{9A19103F-16F7-4668-BE54-9A1E7A4F7556}") = "Matrix.Agent.Journal.Model", "Matrix.Agent.Journal.Model\Matrix.Agent.Journal.Model.csproj", "{EC4C5407-24DE-4717-9F7E-52BA4FB7490B}"
EndProject
Project("{9A19103F-16F7-4668-BE54-9A1E7A4F7556}") = "Matrix.Agent.Journal.Database", "Matrix.Agent.Journal.Database\Matrix.Agent.Journal.Database.csproj", "{2C92718A-B0E7-4C4D-BC1B-6FFCCE97CB6F}"
EndProject
Project("{9A19103F-16F7-4668-BE54-9A1E7A4F7556}") = "Matrix.Agent.Journal.Business", "Matrix.Agent.Journal.Business\Matrix.Agent.Journal.Business.csproj", "{3E416ACB-E66B-49F2-8AD7-BA42EEFB8E51}"
EndProject
Project("{9A19103F-16F7-4668-BE54-9A1E7A4F7556}") = "Matrix.Agent.Journal", "Matrix.Agent.Journal\Matrix.Agent.Journal.csproj", "{F10FB641-F5B0-429C-A6C6-10F34BB46AC2}"
EndProject
Project("{2150E333-8FDC-42A3-9474-1A3956D46DE8}") = "Web", "Web", "{1D6AF0CB-374D-4015-894F-1A115BAE7C44}"
EndProject
Project("{9A19103F-16F7-4668-BE54-9A1E7A4F7556}") = "Matrix.Web.Business", "Matrix.Web.Business\Matrix.Web.Business.csproj", "{054B3405-454D-426D-AC8F-78A11CD845DF}"
EndProject
Project("{9A19103F-16F7-4668-BE54-9A1E7A4F7556}") = "Matrix.Web", "Matrix.Web\Matrix.Web.csproj", "{EB27FBF1-5614-4A88-BD4B-7DE3AB47AC15}"
EndProject
Project("{2150E333-8FDC-42A3-9474-1A3956D46DE8}") = "Templates", "Templates", "{EE05DC7B-A5D5-4EB6-9E02-0A984FC0241A}"
EndProject
Project("{2150E333-8FDC-42A3-9474-1A3956D46DE8}") = "dotnet-web", "dotnet-web", "{B462F0A6-40D5-4AE4-9568-5E3A3F314D42}"
EndProject
Project("{2150E333-8FDC-42A3-9474-1A3956D46DE8}") = "angular", "angular", "{D5A932A5-2B4E-483E-89FB-BDE8D36FE41D}"
EndProject
Project("{2150E333-8FDC-42A3-9474-1A3956D46DE8}") = "dotnet-blazor", "dotnet-blazor", "{64B40B87-5FBD-4B94-B672-4E313D1514C8}"
EndProject
Project("{9A19103F-16F7-4668-BE54-9A1E7A4F7556}") = "Template.Web", "Matrix.Templates\donet-web\Template.Web.csproj", "{DE72470F-6BAD-479D-93D2-0A560E982391}"
EndProject
Global
	GlobalSection(SolutionConfigurationPlatforms) = preSolution
		Debug|Any CPU = Debug|Any CPU
		Debug|x64 = Debug|x64
		Debug|x86 = Debug|x86
		Release|Any CPU = Release|Any CPU
		Release|x64 = Release|x64
		Release|x86 = Release|x86
	EndGlobalSection
	GlobalSection(ProjectConfigurationPlatforms) = postSolution
		{20D9B109-F607-4078-A66E-6EB4C612B59C}.Debug|Any CPU.ActiveCfg = Debug|Any CPU
		{20D9B109-F607-4078-A66E-6EB4C612B59C}.Debug|Any CPU.Build.0 = Debug|Any CPU
		{20D9B109-F607-4078-A66E-6EB4C612B59C}.Debug|x64.ActiveCfg = Debug|Any CPU
		{20D9B109-F607-4078-A66E-6EB4C612B59C}.Debug|x64.Build.0 = Debug|Any CPU
		{20D9B109-F607-4078-A66E-6EB4C612B59C}.Debug|x86.ActiveCfg = Debug|Any CPU
		{20D9B109-F607-4078-A66E-6EB4C612B59C}.Debug|x86.Build.0 = Debug|Any CPU
		{20D9B109-F607-4078-A66E-6EB4C612B59C}.Release|Any CPU.ActiveCfg = Release|Any CPU
		{20D9B109-F607-4078-A66E-6EB4C612B59C}.Release|Any CPU.Build.0 = Release|Any CPU
		{20D9B109-F607-4078-A66E-6EB4C612B59C}.Release|x64.ActiveCfg = Release|Any CPU
		{20D9B109-F607-4078-A66E-6EB4C612B59C}.Release|x64.Build.0 = Release|Any CPU
		{20D9B109-F607-4078-A66E-6EB4C612B59C}.Release|x86.ActiveCfg = Release|Any CPU
		{20D9B109-F607-4078-A66E-6EB4C612B59C}.Release|x86.Build.0 = Release|Any CPU
		{68286B4F-09EE-42C2-A080-8B513D7D81FC}.Debug|Any CPU.ActiveCfg = Debug|Any CPU
		{68286B4F-09EE-42C2-A080-8B513D7D81FC}.Debug|Any CPU.Build.0 = Debug|Any CPU
		{68286B4F-09EE-42C2-A080-8B513D7D81FC}.Debug|x64.ActiveCfg = Debug|Any CPU
		{68286B4F-09EE-42C2-A080-8B513D7D81FC}.Debug|x64.Build.0 = Debug|Any CPU
		{68286B4F-09EE-42C2-A080-8B513D7D81FC}.Debug|x86.ActiveCfg = Debug|Any CPU
		{68286B4F-09EE-42C2-A080-8B513D7D81FC}.Debug|x86.Build.0 = Debug|Any CPU
		{68286B4F-09EE-42C2-A080-8B513D7D81FC}.Release|Any CPU.ActiveCfg = Release|Any CPU
		{68286B4F-09EE-42C2-A080-8B513D7D81FC}.Release|Any CPU.Build.0 = Release|Any CPU
		{68286B4F-09EE-42C2-A080-8B513D7D81FC}.Release|x64.ActiveCfg = Release|Any CPU
		{68286B4F-09EE-42C2-A080-8B513D7D81FC}.Release|x64.Build.0 = Release|Any CPU
		{68286B4F-09EE-42C2-A080-8B513D7D81FC}.Release|x86.ActiveCfg = Release|Any CPU
		{68286B4F-09EE-42C2-A080-8B513D7D81FC}.Release|x86.Build.0 = Release|Any CPU
		{F69E13CC-EBCD-45D4-A17D-8FA218616D35}.Debug|Any CPU.ActiveCfg = Debug|Any CPU
		{F69E13CC-EBCD-45D4-A17D-8FA218616D35}.Debug|Any CPU.Build.0 = Debug|Any CPU
		{F69E13CC-EBCD-45D4-A17D-8FA218616D35}.Debug|x64.ActiveCfg = Debug|Any CPU
		{F69E13CC-EBCD-45D4-A17D-8FA218616D35}.Debug|x64.Build.0 = Debug|Any CPU
		{F69E13CC-EBCD-45D4-A17D-8FA218616D35}.Debug|x86.ActiveCfg = Debug|Any CPU
		{F69E13CC-EBCD-45D4-A17D-8FA218616D35}.Debug|x86.Build.0 = Debug|Any CPU
		{F69E13CC-EBCD-45D4-A17D-8FA218616D35}.Release|Any CPU.ActiveCfg = Release|Any CPU
		{F69E13CC-EBCD-45D4-A17D-8FA218616D35}.Release|Any CPU.Build.0 = Release|Any CPU
		{F69E13CC-EBCD-45D4-A17D-8FA218616D35}.Release|x64.ActiveCfg = Release|Any CPU
		{F69E13CC-EBCD-45D4-A17D-8FA218616D35}.Release|x64.Build.0 = Release|Any CPU
		{F69E13CC-EBCD-45D4-A17D-8FA218616D35}.Release|x86.ActiveCfg = Release|Any CPU
		{F69E13CC-EBCD-45D4-A17D-8FA218616D35}.Release|x86.Build.0 = Release|Any CPU
		{874B5931-6537-4E99-A30B-82596677A0CB}.Debug|Any CPU.ActiveCfg = Debug|Any CPU
		{874B5931-6537-4E99-A30B-82596677A0CB}.Debug|Any CPU.Build.0 = Debug|Any CPU
		{874B5931-6537-4E99-A30B-82596677A0CB}.Debug|x64.ActiveCfg = Debug|Any CPU
		{874B5931-6537-4E99-A30B-82596677A0CB}.Debug|x64.Build.0 = Debug|Any CPU
		{874B5931-6537-4E99-A30B-82596677A0CB}.Debug|x86.ActiveCfg = Debug|Any CPU
		{874B5931-6537-4E99-A30B-82596677A0CB}.Debug|x86.Build.0 = Debug|Any CPU
		{874B5931-6537-4E99-A30B-82596677A0CB}.Release|Any CPU.ActiveCfg = Release|Any CPU
		{874B5931-6537-4E99-A30B-82596677A0CB}.Release|Any CPU.Build.0 = Release|Any CPU
		{874B5931-6537-4E99-A30B-82596677A0CB}.Release|x64.ActiveCfg = Release|Any CPU
		{874B5931-6537-4E99-A30B-82596677A0CB}.Release|x64.Build.0 = Release|Any CPU
		{874B5931-6537-4E99-A30B-82596677A0CB}.Release|x86.ActiveCfg = Release|Any CPU
		{874B5931-6537-4E99-A30B-82596677A0CB}.Release|x86.Build.0 = Release|Any CPU
		{44A48205-7E81-4D54-A563-310931A4EAEA}.Debug|Any CPU.ActiveCfg = Debug|Any CPU
		{44A48205-7E81-4D54-A563-310931A4EAEA}.Debug|Any CPU.Build.0 = Debug|Any CPU
		{44A48205-7E81-4D54-A563-310931A4EAEA}.Debug|x64.ActiveCfg = Debug|Any CPU
		{44A48205-7E81-4D54-A563-310931A4EAEA}.Debug|x64.Build.0 = Debug|Any CPU
		{44A48205-7E81-4D54-A563-310931A4EAEA}.Debug|x86.ActiveCfg = Debug|Any CPU
		{44A48205-7E81-4D54-A563-310931A4EAEA}.Debug|x86.Build.0 = Debug|Any CPU
		{44A48205-7E81-4D54-A563-310931A4EAEA}.Release|Any CPU.ActiveCfg = Release|Any CPU
		{44A48205-7E81-4D54-A563-310931A4EAEA}.Release|Any CPU.Build.0 = Release|Any CPU
		{44A48205-7E81-4D54-A563-310931A4EAEA}.Release|x64.ActiveCfg = Release|Any CPU
		{44A48205-7E81-4D54-A563-310931A4EAEA}.Release|x64.Build.0 = Release|Any CPU
		{44A48205-7E81-4D54-A563-310931A4EAEA}.Release|x86.ActiveCfg = Release|Any CPU
		{44A48205-7E81-4D54-A563-310931A4EAEA}.Release|x86.Build.0 = Release|Any CPU
		{D2973952-C48F-48AE-A2B6-E6EF6466625F}.Debug|Any CPU.ActiveCfg = Debug|Any CPU
		{D2973952-C48F-48AE-A2B6-E6EF6466625F}.Debug|Any CPU.Build.0 = Debug|Any CPU
		{D2973952-C48F-48AE-A2B6-E6EF6466625F}.Debug|x64.ActiveCfg = Debug|Any CPU
		{D2973952-C48F-48AE-A2B6-E6EF6466625F}.Debug|x64.Build.0 = Debug|Any CPU
		{D2973952-C48F-48AE-A2B6-E6EF6466625F}.Debug|x86.ActiveCfg = Debug|Any CPU
		{D2973952-C48F-48AE-A2B6-E6EF6466625F}.Debug|x86.Build.0 = Debug|Any CPU
		{D2973952-C48F-48AE-A2B6-E6EF6466625F}.Release|Any CPU.ActiveCfg = Release|Any CPU
		{D2973952-C48F-48AE-A2B6-E6EF6466625F}.Release|Any CPU.Build.0 = Release|Any CPU
		{D2973952-C48F-48AE-A2B6-E6EF6466625F}.Release|x64.ActiveCfg = Release|Any CPU
		{D2973952-C48F-48AE-A2B6-E6EF6466625F}.Release|x64.Build.0 = Release|Any CPU
		{D2973952-C48F-48AE-A2B6-E6EF6466625F}.Release|x86.ActiveCfg = Release|Any CPU
		{D2973952-C48F-48AE-A2B6-E6EF6466625F}.Release|x86.Build.0 = Release|Any CPU
		{0C29E9BC-20DF-4FB5-83B3-5F1B59463216}.Debug|Any CPU.ActiveCfg = Debug|Any CPU
		{0C29E9BC-20DF-4FB5-83B3-5F1B59463216}.Debug|Any CPU.Build.0 = Debug|Any CPU
		{0C29E9BC-20DF-4FB5-83B3-5F1B59463216}.Debug|x64.ActiveCfg = Debug|Any CPU
		{0C29E9BC-20DF-4FB5-83B3-5F1B59463216}.Debug|x64.Build.0 = Debug|Any CPU
		{0C29E9BC-20DF-4FB5-83B3-5F1B59463216}.Debug|x86.ActiveCfg = Debug|Any CPU
		{0C29E9BC-20DF-4FB5-83B3-5F1B59463216}.Debug|x86.Build.0 = Debug|Any CPU
		{0C29E9BC-20DF-4FB5-83B3-5F1B59463216}.Release|Any CPU.ActiveCfg = Release|Any CPU
		{0C29E9BC-20DF-4FB5-83B3-5F1B59463216}.Release|Any CPU.Build.0 = Release|Any CPU
		{0C29E9BC-20DF-4FB5-83B3-5F1B59463216}.Release|x64.ActiveCfg = Release|Any CPU
		{0C29E9BC-20DF-4FB5-83B3-5F1B59463216}.Release|x64.Build.0 = Release|Any CPU
		{0C29E9BC-20DF-4FB5-83B3-5F1B59463216}.Release|x86.ActiveCfg = Release|Any CPU
		{0C29E9BC-20DF-4FB5-83B3-5F1B59463216}.Release|x86.Build.0 = Release|Any CPU
		{92A34DCE-E070-4CD3-A98F-FF83E35F3BAD}.Debug|Any CPU.ActiveCfg = Debug|Any CPU
		{92A34DCE-E070-4CD3-A98F-FF83E35F3BAD}.Debug|Any CPU.Build.0 = Debug|Any CPU
		{92A34DCE-E070-4CD3-A98F-FF83E35F3BAD}.Debug|x64.ActiveCfg = Debug|Any CPU
		{92A34DCE-E070-4CD3-A98F-FF83E35F3BAD}.Debug|x64.Build.0 = Debug|Any CPU
		{92A34DCE-E070-4CD3-A98F-FF83E35F3BAD}.Debug|x86.ActiveCfg = Debug|Any CPU
		{92A34DCE-E070-4CD3-A98F-FF83E35F3BAD}.Debug|x86.Build.0 = Debug|Any CPU
		{92A34DCE-E070-4CD3-A98F-FF83E35F3BAD}.Release|Any CPU.ActiveCfg = Release|Any CPU
		{92A34DCE-E070-4CD3-A98F-FF83E35F3BAD}.Release|Any CPU.Build.0 = Release|Any CPU
		{92A34DCE-E070-4CD3-A98F-FF83E35F3BAD}.Release|x64.ActiveCfg = Release|Any CPU
		{92A34DCE-E070-4CD3-A98F-FF83E35F3BAD}.Release|x64.Build.0 = Release|Any CPU
		{92A34DCE-E070-4CD3-A98F-FF83E35F3BAD}.Release|x86.ActiveCfg = Release|Any CPU
		{92A34DCE-E070-4CD3-A98F-FF83E35F3BAD}.Release|x86.Build.0 = Release|Any CPU
		{C0ECE595-EF3B-400E-A079-1A2FEDF31CA6}.Debug|Any CPU.ActiveCfg = Debug|Any CPU
		{C0ECE595-EF3B-400E-A079-1A2FEDF31CA6}.Debug|Any CPU.Build.0 = Debug|Any CPU
		{C0ECE595-EF3B-400E-A079-1A2FEDF31CA6}.Debug|x64.ActiveCfg = Debug|Any CPU
		{C0ECE595-EF3B-400E-A079-1A2FEDF31CA6}.Debug|x64.Build.0 = Debug|Any CPU
		{C0ECE595-EF3B-400E-A079-1A2FEDF31CA6}.Debug|x86.ActiveCfg = Debug|Any CPU
		{C0ECE595-EF3B-400E-A079-1A2FEDF31CA6}.Debug|x86.Build.0 = Debug|Any CPU
		{C0ECE595-EF3B-400E-A079-1A2FEDF31CA6}.Release|Any CPU.ActiveCfg = Release|Any CPU
		{C0ECE595-EF3B-400E-A079-1A2FEDF31CA6}.Release|Any CPU.Build.0 = Release|Any CPU
		{C0ECE595-EF3B-400E-A079-1A2FEDF31CA6}.Release|x64.ActiveCfg = Release|Any CPU
		{C0ECE595-EF3B-400E-A079-1A2FEDF31CA6}.Release|x64.Build.0 = Release|Any CPU
		{C0ECE595-EF3B-400E-A079-1A2FEDF31CA6}.Release|x86.ActiveCfg = Release|Any CPU
		{C0ECE595-EF3B-400E-A079-1A2FEDF31CA6}.Release|x86.Build.0 = Release|Any CPU
		{530731A8-4F1F-4EE2-AB6F-30AE8C86DAFB}.Debug|Any CPU.ActiveCfg = Debug|Any CPU
		{530731A8-4F1F-4EE2-AB6F-30AE8C86DAFB}.Debug|Any CPU.Build.0 = Debug|Any CPU
		{530731A8-4F1F-4EE2-AB6F-30AE8C86DAFB}.Debug|x64.ActiveCfg = Debug|Any CPU
		{530731A8-4F1F-4EE2-AB6F-30AE8C86DAFB}.Debug|x64.Build.0 = Debug|Any CPU
		{530731A8-4F1F-4EE2-AB6F-30AE8C86DAFB}.Debug|x86.ActiveCfg = Debug|Any CPU
		{530731A8-4F1F-4EE2-AB6F-30AE8C86DAFB}.Debug|x86.Build.0 = Debug|Any CPU
		{530731A8-4F1F-4EE2-AB6F-30AE8C86DAFB}.Release|Any CPU.ActiveCfg = Release|Any CPU
		{530731A8-4F1F-4EE2-AB6F-30AE8C86DAFB}.Release|Any CPU.Build.0 = Release|Any CPU
		{530731A8-4F1F-4EE2-AB6F-30AE8C86DAFB}.Release|x64.ActiveCfg = Release|Any CPU
		{530731A8-4F1F-4EE2-AB6F-30AE8C86DAFB}.Release|x64.Build.0 = Release|Any CPU
		{530731A8-4F1F-4EE2-AB6F-30AE8C86DAFB}.Release|x86.ActiveCfg = Release|Any CPU
		{530731A8-4F1F-4EE2-AB6F-30AE8C86DAFB}.Release|x86.Build.0 = Release|Any CPU
		{4BFA22B4-0570-4AFD-8948-2EC95E9ED107}.Debug|Any CPU.ActiveCfg = Debug|Any CPU
		{4BFA22B4-0570-4AFD-8948-2EC95E9ED107}.Debug|Any CPU.Build.0 = Debug|Any CPU
		{4BFA22B4-0570-4AFD-8948-2EC95E9ED107}.Debug|x64.ActiveCfg = Debug|Any CPU
		{4BFA22B4-0570-4AFD-8948-2EC95E9ED107}.Debug|x64.Build.0 = Debug|Any CPU
		{4BFA22B4-0570-4AFD-8948-2EC95E9ED107}.Debug|x86.ActiveCfg = Debug|Any CPU
		{4BFA22B4-0570-4AFD-8948-2EC95E9ED107}.Debug|x86.Build.0 = Debug|Any CPU
		{4BFA22B4-0570-4AFD-8948-2EC95E9ED107}.Release|Any CPU.ActiveCfg = Release|Any CPU
		{4BFA22B4-0570-4AFD-8948-2EC95E9ED107}.Release|Any CPU.Build.0 = Release|Any CPU
		{4BFA22B4-0570-4AFD-8948-2EC95E9ED107}.Release|x64.ActiveCfg = Release|Any CPU
		{4BFA22B4-0570-4AFD-8948-2EC95E9ED107}.Release|x64.Build.0 = Release|Any CPU
		{4BFA22B4-0570-4AFD-8948-2EC95E9ED107}.Release|x86.ActiveCfg = Release|Any CPU
		{4BFA22B4-0570-4AFD-8948-2EC95E9ED107}.Release|x86.Build.0 = Release|Any CPU
		{B1EA9978-5116-4317-A1A7-62181E0579B8}.Debug|Any CPU.ActiveCfg = Debug|Any CPU
		{B1EA9978-5116-4317-A1A7-62181E0579B8}.Debug|Any CPU.Build.0 = Debug|Any CPU
		{B1EA9978-5116-4317-A1A7-62181E0579B8}.Debug|x64.ActiveCfg = Debug|Any CPU
		{B1EA9978-5116-4317-A1A7-62181E0579B8}.Debug|x64.Build.0 = Debug|Any CPU
		{B1EA9978-5116-4317-A1A7-62181E0579B8}.Debug|x86.ActiveCfg = Debug|Any CPU
		{B1EA9978-5116-4317-A1A7-62181E0579B8}.Debug|x86.Build.0 = Debug|Any CPU
		{B1EA9978-5116-4317-A1A7-62181E0579B8}.Release|Any CPU.ActiveCfg = Release|Any CPU
		{B1EA9978-5116-4317-A1A7-62181E0579B8}.Release|Any CPU.Build.0 = Release|Any CPU
		{B1EA9978-5116-4317-A1A7-62181E0579B8}.Release|x64.ActiveCfg = Release|Any CPU
		{B1EA9978-5116-4317-A1A7-62181E0579B8}.Release|x64.Build.0 = Release|Any CPU
		{B1EA9978-5116-4317-A1A7-62181E0579B8}.Release|x86.ActiveCfg = Release|Any CPU
		{B1EA9978-5116-4317-A1A7-62181E0579B8}.Release|x86.Build.0 = Release|Any CPU
		{38CBE2F5-B5C8-4FC8-8DA5-0F667F02DFE1}.Debug|Any CPU.ActiveCfg = Debug|Any CPU
		{38CBE2F5-B5C8-4FC8-8DA5-0F667F02DFE1}.Debug|Any CPU.Build.0 = Debug|Any CPU
		{38CBE2F5-B5C8-4FC8-8DA5-0F667F02DFE1}.Debug|x64.ActiveCfg = Debug|Any CPU
		{38CBE2F5-B5C8-4FC8-8DA5-0F667F02DFE1}.Debug|x64.Build.0 = Debug|Any CPU
		{38CBE2F5-B5C8-4FC8-8DA5-0F667F02DFE1}.Debug|x86.ActiveCfg = Debug|Any CPU
		{38CBE2F5-B5C8-4FC8-8DA5-0F667F02DFE1}.Debug|x86.Build.0 = Debug|Any CPU
		{38CBE2F5-B5C8-4FC8-8DA5-0F667F02DFE1}.Release|Any CPU.ActiveCfg = Release|Any CPU
		{38CBE2F5-B5C8-4FC8-8DA5-0F667F02DFE1}.Release|Any CPU.Build.0 = Release|Any CPU
		{38CBE2F5-B5C8-4FC8-8DA5-0F667F02DFE1}.Release|x64.ActiveCfg = Release|Any CPU
		{38CBE2F5-B5C8-4FC8-8DA5-0F667F02DFE1}.Release|x64.Build.0 = Release|Any CPU
		{38CBE2F5-B5C8-4FC8-8DA5-0F667F02DFE1}.Release|x86.ActiveCfg = Release|Any CPU
		{38CBE2F5-B5C8-4FC8-8DA5-0F667F02DFE1}.Release|x86.Build.0 = Release|Any CPU
		{9A5524D2-284C-43F3-9A96-FBF8FB07528C}.Debug|Any CPU.ActiveCfg = Debug|Any CPU
		{9A5524D2-284C-43F3-9A96-FBF8FB07528C}.Debug|Any CPU.Build.0 = Debug|Any CPU
		{9A5524D2-284C-43F3-9A96-FBF8FB07528C}.Debug|x64.ActiveCfg = Debug|Any CPU
		{9A5524D2-284C-43F3-9A96-FBF8FB07528C}.Debug|x64.Build.0 = Debug|Any CPU
		{9A5524D2-284C-43F3-9A96-FBF8FB07528C}.Debug|x86.ActiveCfg = Debug|Any CPU
		{9A5524D2-284C-43F3-9A96-FBF8FB07528C}.Debug|x86.Build.0 = Debug|Any CPU
		{9A5524D2-284C-43F3-9A96-FBF8FB07528C}.Release|Any CPU.ActiveCfg = Release|Any CPU
		{9A5524D2-284C-43F3-9A96-FBF8FB07528C}.Release|Any CPU.Build.0 = Release|Any CPU
		{9A5524D2-284C-43F3-9A96-FBF8FB07528C}.Release|x64.ActiveCfg = Release|Any CPU
		{9A5524D2-284C-43F3-9A96-FBF8FB07528C}.Release|x64.Build.0 = Release|Any CPU
		{9A5524D2-284C-43F3-9A96-FBF8FB07528C}.Release|x86.ActiveCfg = Release|Any CPU
		{9A5524D2-284C-43F3-9A96-FBF8FB07528C}.Release|x86.Build.0 = Release|Any CPU
		{33CF738D-0183-436E-814F-BA056F9E90F3}.Debug|Any CPU.ActiveCfg = Debug|Any CPU
		{33CF738D-0183-436E-814F-BA056F9E90F3}.Debug|Any CPU.Build.0 = Debug|Any CPU
		{33CF738D-0183-436E-814F-BA056F9E90F3}.Debug|x64.ActiveCfg = Debug|Any CPU
		{33CF738D-0183-436E-814F-BA056F9E90F3}.Debug|x64.Build.0 = Debug|Any CPU
		{33CF738D-0183-436E-814F-BA056F9E90F3}.Debug|x86.ActiveCfg = Debug|Any CPU
		{33CF738D-0183-436E-814F-BA056F9E90F3}.Debug|x86.Build.0 = Debug|Any CPU
		{33CF738D-0183-436E-814F-BA056F9E90F3}.Release|Any CPU.ActiveCfg = Release|Any CPU
		{33CF738D-0183-436E-814F-BA056F9E90F3}.Release|Any CPU.Build.0 = Release|Any CPU
		{33CF738D-0183-436E-814F-BA056F9E90F3}.Release|x64.ActiveCfg = Release|Any CPU
		{33CF738D-0183-436E-814F-BA056F9E90F3}.Release|x64.Build.0 = Release|Any CPU
		{33CF738D-0183-436E-814F-BA056F9E90F3}.Release|x86.ActiveCfg = Release|Any CPU
		{33CF738D-0183-436E-814F-BA056F9E90F3}.Release|x86.Build.0 = Release|Any CPU
		{2799848B-BC1E-4A00-A0E2-588F7F8AA0E5}.Debug|Any CPU.ActiveCfg = Debug|Any CPU
		{2799848B-BC1E-4A00-A0E2-588F7F8AA0E5}.Debug|Any CPU.Build.0 = Debug|Any CPU
		{2799848B-BC1E-4A00-A0E2-588F7F8AA0E5}.Debug|x64.ActiveCfg = Debug|Any CPU
		{2799848B-BC1E-4A00-A0E2-588F7F8AA0E5}.Debug|x64.Build.0 = Debug|Any CPU
		{2799848B-BC1E-4A00-A0E2-588F7F8AA0E5}.Debug|x86.ActiveCfg = Debug|Any CPU
		{2799848B-BC1E-4A00-A0E2-588F7F8AA0E5}.Debug|x86.Build.0 = Debug|Any CPU
		{2799848B-BC1E-4A00-A0E2-588F7F8AA0E5}.Release|Any CPU.ActiveCfg = Release|Any CPU
		{2799848B-BC1E-4A00-A0E2-588F7F8AA0E5}.Release|Any CPU.Build.0 = Release|Any CPU
		{2799848B-BC1E-4A00-A0E2-588F7F8AA0E5}.Release|x64.ActiveCfg = Release|Any CPU
		{2799848B-BC1E-4A00-A0E2-588F7F8AA0E5}.Release|x64.Build.0 = Release|Any CPU
		{2799848B-BC1E-4A00-A0E2-588F7F8AA0E5}.Release|x86.ActiveCfg = Release|Any CPU
		{2799848B-BC1E-4A00-A0E2-588F7F8AA0E5}.Release|x86.Build.0 = Release|Any CPU
		{4F49DE96-CC32-4785-AC86-A0A95018E541}.Debug|Any CPU.ActiveCfg = Debug|Any CPU
		{4F49DE96-CC32-4785-AC86-A0A95018E541}.Debug|Any CPU.Build.0 = Debug|Any CPU
		{4F49DE96-CC32-4785-AC86-A0A95018E541}.Debug|x64.ActiveCfg = Debug|Any CPU
		{4F49DE96-CC32-4785-AC86-A0A95018E541}.Debug|x64.Build.0 = Debug|Any CPU
		{4F49DE96-CC32-4785-AC86-A0A95018E541}.Debug|x86.ActiveCfg = Debug|Any CPU
		{4F49DE96-CC32-4785-AC86-A0A95018E541}.Debug|x86.Build.0 = Debug|Any CPU
		{4F49DE96-CC32-4785-AC86-A0A95018E541}.Release|Any CPU.ActiveCfg = Release|Any CPU
		{4F49DE96-CC32-4785-AC86-A0A95018E541}.Release|Any CPU.Build.0 = Release|Any CPU
		{4F49DE96-CC32-4785-AC86-A0A95018E541}.Release|x64.ActiveCfg = Release|Any CPU
		{4F49DE96-CC32-4785-AC86-A0A95018E541}.Release|x64.Build.0 = Release|Any CPU
		{4F49DE96-CC32-4785-AC86-A0A95018E541}.Release|x86.ActiveCfg = Release|Any CPU
		{4F49DE96-CC32-4785-AC86-A0A95018E541}.Release|x86.Build.0 = Release|Any CPU
		{0614FAA8-CA46-46C9-8D48-D96456F784D4}.Debug|Any CPU.ActiveCfg = Debug|Any CPU
		{0614FAA8-CA46-46C9-8D48-D96456F784D4}.Debug|Any CPU.Build.0 = Debug|Any CPU
		{0614FAA8-CA46-46C9-8D48-D96456F784D4}.Debug|x64.ActiveCfg = Debug|Any CPU
		{0614FAA8-CA46-46C9-8D48-D96456F784D4}.Debug|x64.Build.0 = Debug|Any CPU
		{0614FAA8-CA46-46C9-8D48-D96456F784D4}.Debug|x86.ActiveCfg = Debug|Any CPU
		{0614FAA8-CA46-46C9-8D48-D96456F784D4}.Debug|x86.Build.0 = Debug|Any CPU
		{0614FAA8-CA46-46C9-8D48-D96456F784D4}.Release|Any CPU.ActiveCfg = Release|Any CPU
		{0614FAA8-CA46-46C9-8D48-D96456F784D4}.Release|Any CPU.Build.0 = Release|Any CPU
		{0614FAA8-CA46-46C9-8D48-D96456F784D4}.Release|x64.ActiveCfg = Release|Any CPU
		{0614FAA8-CA46-46C9-8D48-D96456F784D4}.Release|x64.Build.0 = Release|Any CPU
		{0614FAA8-CA46-46C9-8D48-D96456F784D4}.Release|x86.ActiveCfg = Release|Any CPU
		{0614FAA8-CA46-46C9-8D48-D96456F784D4}.Release|x86.Build.0 = Release|Any CPU
		{3526142D-288D-4A95-9527-7A93A989247B}.Debug|Any CPU.ActiveCfg = Debug|Any CPU
		{3526142D-288D-4A95-9527-7A93A989247B}.Debug|Any CPU.Build.0 = Debug|Any CPU
		{3526142D-288D-4A95-9527-7A93A989247B}.Debug|x64.ActiveCfg = Debug|Any CPU
		{3526142D-288D-4A95-9527-7A93A989247B}.Debug|x64.Build.0 = Debug|Any CPU
		{3526142D-288D-4A95-9527-7A93A989247B}.Debug|x86.ActiveCfg = Debug|Any CPU
		{3526142D-288D-4A95-9527-7A93A989247B}.Debug|x86.Build.0 = Debug|Any CPU
		{3526142D-288D-4A95-9527-7A93A989247B}.Release|Any CPU.ActiveCfg = Release|Any CPU
		{3526142D-288D-4A95-9527-7A93A989247B}.Release|Any CPU.Build.0 = Release|Any CPU
		{3526142D-288D-4A95-9527-7A93A989247B}.Release|x64.ActiveCfg = Release|Any CPU
		{3526142D-288D-4A95-9527-7A93A989247B}.Release|x64.Build.0 = Release|Any CPU
		{3526142D-288D-4A95-9527-7A93A989247B}.Release|x86.ActiveCfg = Release|Any CPU
		{3526142D-288D-4A95-9527-7A93A989247B}.Release|x86.Build.0 = Release|Any CPU
		{F8B8AD4D-AC23-4921-89A9-20A19B414FE9}.Debug|Any CPU.ActiveCfg = Debug|Any CPU
		{F8B8AD4D-AC23-4921-89A9-20A19B414FE9}.Debug|Any CPU.Build.0 = Debug|Any CPU
		{F8B8AD4D-AC23-4921-89A9-20A19B414FE9}.Debug|x64.ActiveCfg = Debug|Any CPU
		{F8B8AD4D-AC23-4921-89A9-20A19B414FE9}.Debug|x64.Build.0 = Debug|Any CPU
		{F8B8AD4D-AC23-4921-89A9-20A19B414FE9}.Debug|x86.ActiveCfg = Debug|Any CPU
		{F8B8AD4D-AC23-4921-89A9-20A19B414FE9}.Debug|x86.Build.0 = Debug|Any CPU
		{F8B8AD4D-AC23-4921-89A9-20A19B414FE9}.Release|Any CPU.ActiveCfg = Release|Any CPU
		{F8B8AD4D-AC23-4921-89A9-20A19B414FE9}.Release|Any CPU.Build.0 = Release|Any CPU
		{F8B8AD4D-AC23-4921-89A9-20A19B414FE9}.Release|x64.ActiveCfg = Release|Any CPU
		{F8B8AD4D-AC23-4921-89A9-20A19B414FE9}.Release|x64.Build.0 = Release|Any CPU
		{F8B8AD4D-AC23-4921-89A9-20A19B414FE9}.Release|x86.ActiveCfg = Release|Any CPU
		{F8B8AD4D-AC23-4921-89A9-20A19B414FE9}.Release|x86.Build.0 = Release|Any CPU
		{4166F6A3-7CA3-4E39-BE9E-5298B8E7B085}.Debug|Any CPU.ActiveCfg = Debug|Any CPU
		{4166F6A3-7CA3-4E39-BE9E-5298B8E7B085}.Debug|Any CPU.Build.0 = Debug|Any CPU
		{4166F6A3-7CA3-4E39-BE9E-5298B8E7B085}.Debug|x64.ActiveCfg = Debug|Any CPU
		{4166F6A3-7CA3-4E39-BE9E-5298B8E7B085}.Debug|x64.Build.0 = Debug|Any CPU
		{4166F6A3-7CA3-4E39-BE9E-5298B8E7B085}.Debug|x86.ActiveCfg = Debug|Any CPU
		{4166F6A3-7CA3-4E39-BE9E-5298B8E7B085}.Debug|x86.Build.0 = Debug|Any CPU
		{4166F6A3-7CA3-4E39-BE9E-5298B8E7B085}.Release|Any CPU.ActiveCfg = Release|Any CPU
		{4166F6A3-7CA3-4E39-BE9E-5298B8E7B085}.Release|Any CPU.Build.0 = Release|Any CPU
		{4166F6A3-7CA3-4E39-BE9E-5298B8E7B085}.Release|x64.ActiveCfg = Release|Any CPU
		{4166F6A3-7CA3-4E39-BE9E-5298B8E7B085}.Release|x64.Build.0 = Release|Any CPU
		{4166F6A3-7CA3-4E39-BE9E-5298B8E7B085}.Release|x86.ActiveCfg = Release|Any CPU
		{4166F6A3-7CA3-4E39-BE9E-5298B8E7B085}.Release|x86.Build.0 = Release|Any CPU
		{32D64FB5-722C-409E-B39C-3EC1446179C6}.Debug|Any CPU.ActiveCfg = Debug|Any CPU
		{32D64FB5-722C-409E-B39C-3EC1446179C6}.Debug|Any CPU.Build.0 = Debug|Any CPU
		{32D64FB5-722C-409E-B39C-3EC1446179C6}.Debug|x64.ActiveCfg = Debug|Any CPU
		{32D64FB5-722C-409E-B39C-3EC1446179C6}.Debug|x64.Build.0 = Debug|Any CPU
		{32D64FB5-722C-409E-B39C-3EC1446179C6}.Debug|x86.ActiveCfg = Debug|Any CPU
		{32D64FB5-722C-409E-B39C-3EC1446179C6}.Debug|x86.Build.0 = Debug|Any CPU
		{32D64FB5-722C-409E-B39C-3EC1446179C6}.Release|Any CPU.ActiveCfg = Release|Any CPU
		{32D64FB5-722C-409E-B39C-3EC1446179C6}.Release|Any CPU.Build.0 = Release|Any CPU
		{32D64FB5-722C-409E-B39C-3EC1446179C6}.Release|x64.ActiveCfg = Release|Any CPU
		{32D64FB5-722C-409E-B39C-3EC1446179C6}.Release|x64.Build.0 = Release|Any CPU
		{32D64FB5-722C-409E-B39C-3EC1446179C6}.Release|x86.ActiveCfg = Release|Any CPU
		{32D64FB5-722C-409E-B39C-3EC1446179C6}.Release|x86.Build.0 = Release|Any CPU
		{55CA65D7-3CF7-4FE6-9B23-2DE7F09DFB7E}.Debug|Any CPU.ActiveCfg = Debug|Any CPU
		{55CA65D7-3CF7-4FE6-9B23-2DE7F09DFB7E}.Debug|Any CPU.Build.0 = Debug|Any CPU
		{55CA65D7-3CF7-4FE6-9B23-2DE7F09DFB7E}.Debug|x64.ActiveCfg = Debug|Any CPU
		{55CA65D7-3CF7-4FE6-9B23-2DE7F09DFB7E}.Debug|x64.Build.0 = Debug|Any CPU
		{55CA65D7-3CF7-4FE6-9B23-2DE7F09DFB7E}.Debug|x86.ActiveCfg = Debug|Any CPU
		{55CA65D7-3CF7-4FE6-9B23-2DE7F09DFB7E}.Debug|x86.Build.0 = Debug|Any CPU
		{55CA65D7-3CF7-4FE6-9B23-2DE7F09DFB7E}.Release|Any CPU.ActiveCfg = Release|Any CPU
		{55CA65D7-3CF7-4FE6-9B23-2DE7F09DFB7E}.Release|Any CPU.Build.0 = Release|Any CPU
		{55CA65D7-3CF7-4FE6-9B23-2DE7F09DFB7E}.Release|x64.ActiveCfg = Release|Any CPU
		{55CA65D7-3CF7-4FE6-9B23-2DE7F09DFB7E}.Release|x64.Build.0 = Release|Any CPU
		{55CA65D7-3CF7-4FE6-9B23-2DE7F09DFB7E}.Release|x86.ActiveCfg = Release|Any CPU
		{55CA65D7-3CF7-4FE6-9B23-2DE7F09DFB7E}.Release|x86.Build.0 = Release|Any CPU
		{2A0F89A9-87B0-44F8-B458-66B83AB4EF58}.Debug|Any CPU.ActiveCfg = Debug|Any CPU
		{2A0F89A9-87B0-44F8-B458-66B83AB4EF58}.Debug|Any CPU.Build.0 = Debug|Any CPU
		{2A0F89A9-87B0-44F8-B458-66B83AB4EF58}.Debug|x64.ActiveCfg = Debug|Any CPU
		{2A0F89A9-87B0-44F8-B458-66B83AB4EF58}.Debug|x64.Build.0 = Debug|Any CPU
		{2A0F89A9-87B0-44F8-B458-66B83AB4EF58}.Debug|x86.ActiveCfg = Debug|Any CPU
		{2A0F89A9-87B0-44F8-B458-66B83AB4EF58}.Debug|x86.Build.0 = Debug|Any CPU
		{2A0F89A9-87B0-44F8-B458-66B83AB4EF58}.Release|Any CPU.ActiveCfg = Release|Any CPU
		{2A0F89A9-87B0-44F8-B458-66B83AB4EF58}.Release|Any CPU.Build.0 = Release|Any CPU
		{2A0F89A9-87B0-44F8-B458-66B83AB4EF58}.Release|x64.ActiveCfg = Release|Any CPU
		{2A0F89A9-87B0-44F8-B458-66B83AB4EF58}.Release|x64.Build.0 = Release|Any CPU
		{2A0F89A9-87B0-44F8-B458-66B83AB4EF58}.Release|x86.ActiveCfg = Release|Any CPU
		{2A0F89A9-87B0-44F8-B458-66B83AB4EF58}.Release|x86.Build.0 = Release|Any CPU
		{DC690852-2590-4DB3-A48F-F9FC1D9AF90F}.Debug|Any CPU.ActiveCfg = Debug|Any CPU
		{DC690852-2590-4DB3-A48F-F9FC1D9AF90F}.Debug|Any CPU.Build.0 = Debug|Any CPU
		{DC690852-2590-4DB3-A48F-F9FC1D9AF90F}.Debug|x64.ActiveCfg = Debug|Any CPU
		{DC690852-2590-4DB3-A48F-F9FC1D9AF90F}.Debug|x64.Build.0 = Debug|Any CPU
		{DC690852-2590-4DB3-A48F-F9FC1D9AF90F}.Debug|x86.ActiveCfg = Debug|Any CPU
		{DC690852-2590-4DB3-A48F-F9FC1D9AF90F}.Debug|x86.Build.0 = Debug|Any CPU
		{DC690852-2590-4DB3-A48F-F9FC1D9AF90F}.Release|Any CPU.ActiveCfg = Release|Any CPU
		{DC690852-2590-4DB3-A48F-F9FC1D9AF90F}.Release|Any CPU.Build.0 = Release|Any CPU
		{DC690852-2590-4DB3-A48F-F9FC1D9AF90F}.Release|x64.ActiveCfg = Release|Any CPU
		{DC690852-2590-4DB3-A48F-F9FC1D9AF90F}.Release|x64.Build.0 = Release|Any CPU
		{DC690852-2590-4DB3-A48F-F9FC1D9AF90F}.Release|x86.ActiveCfg = Release|Any CPU
		{DC690852-2590-4DB3-A48F-F9FC1D9AF90F}.Release|x86.Build.0 = Release|Any CPU
		{EC4C5407-24DE-4717-9F7E-52BA4FB7490B}.Debug|Any CPU.ActiveCfg = Debug|Any CPU
		{EC4C5407-24DE-4717-9F7E-52BA4FB7490B}.Debug|Any CPU.Build.0 = Debug|Any CPU
		{EC4C5407-24DE-4717-9F7E-52BA4FB7490B}.Debug|x64.ActiveCfg = Debug|Any CPU
		{EC4C5407-24DE-4717-9F7E-52BA4FB7490B}.Debug|x64.Build.0 = Debug|Any CPU
		{EC4C5407-24DE-4717-9F7E-52BA4FB7490B}.Debug|x86.ActiveCfg = Debug|Any CPU
		{EC4C5407-24DE-4717-9F7E-52BA4FB7490B}.Debug|x86.Build.0 = Debug|Any CPU
		{EC4C5407-24DE-4717-9F7E-52BA4FB7490B}.Release|Any CPU.ActiveCfg = Release|Any CPU
		{EC4C5407-24DE-4717-9F7E-52BA4FB7490B}.Release|Any CPU.Build.0 = Release|Any CPU
		{EC4C5407-24DE-4717-9F7E-52BA4FB7490B}.Release|x64.ActiveCfg = Release|Any CPU
		{EC4C5407-24DE-4717-9F7E-52BA4FB7490B}.Release|x64.Build.0 = Release|Any CPU
		{EC4C5407-24DE-4717-9F7E-52BA4FB7490B}.Release|x86.ActiveCfg = Release|Any CPU
		{EC4C5407-24DE-4717-9F7E-52BA4FB7490B}.Release|x86.Build.0 = Release|Any CPU
		{2C92718A-B0E7-4C4D-BC1B-6FFCCE97CB6F}.Debug|Any CPU.ActiveCfg = Debug|Any CPU
		{2C92718A-B0E7-4C4D-BC1B-6FFCCE97CB6F}.Debug|Any CPU.Build.0 = Debug|Any CPU
		{2C92718A-B0E7-4C4D-BC1B-6FFCCE97CB6F}.Debug|x64.ActiveCfg = Debug|Any CPU
		{2C92718A-B0E7-4C4D-BC1B-6FFCCE97CB6F}.Debug|x64.Build.0 = Debug|Any CPU
		{2C92718A-B0E7-4C4D-BC1B-6FFCCE97CB6F}.Debug|x86.ActiveCfg = Debug|Any CPU
		{2C92718A-B0E7-4C4D-BC1B-6FFCCE97CB6F}.Debug|x86.Build.0 = Debug|Any CPU
		{2C92718A-B0E7-4C4D-BC1B-6FFCCE97CB6F}.Release|Any CPU.ActiveCfg = Release|Any CPU
		{2C92718A-B0E7-4C4D-BC1B-6FFCCE97CB6F}.Release|Any CPU.Build.0 = Release|Any CPU
		{2C92718A-B0E7-4C4D-BC1B-6FFCCE97CB6F}.Release|x64.ActiveCfg = Release|Any CPU
		{2C92718A-B0E7-4C4D-BC1B-6FFCCE97CB6F}.Release|x64.Build.0 = Release|Any CPU
		{2C92718A-B0E7-4C4D-BC1B-6FFCCE97CB6F}.Release|x86.ActiveCfg = Release|Any CPU
		{2C92718A-B0E7-4C4D-BC1B-6FFCCE97CB6F}.Release|x86.Build.0 = Release|Any CPU
		{3E416ACB-E66B-49F2-8AD7-BA42EEFB8E51}.Debug|Any CPU.ActiveCfg = Debug|Any CPU
		{3E416ACB-E66B-49F2-8AD7-BA42EEFB8E51}.Debug|Any CPU.Build.0 = Debug|Any CPU
		{3E416ACB-E66B-49F2-8AD7-BA42EEFB8E51}.Debug|x64.ActiveCfg = Debug|Any CPU
		{3E416ACB-E66B-49F2-8AD7-BA42EEFB8E51}.Debug|x64.Build.0 = Debug|Any CPU
		{3E416ACB-E66B-49F2-8AD7-BA42EEFB8E51}.Debug|x86.ActiveCfg = Debug|Any CPU
		{3E416ACB-E66B-49F2-8AD7-BA42EEFB8E51}.Debug|x86.Build.0 = Debug|Any CPU
		{3E416ACB-E66B-49F2-8AD7-BA42EEFB8E51}.Release|Any CPU.ActiveCfg = Release|Any CPU
		{3E416ACB-E66B-49F2-8AD7-BA42EEFB8E51}.Release|Any CPU.Build.0 = Release|Any CPU
		{3E416ACB-E66B-49F2-8AD7-BA42EEFB8E51}.Release|x64.ActiveCfg = Release|Any CPU
		{3E416ACB-E66B-49F2-8AD7-BA42EEFB8E51}.Release|x64.Build.0 = Release|Any CPU
		{3E416ACB-E66B-49F2-8AD7-BA42EEFB8E51}.Release|x86.ActiveCfg = Release|Any CPU
		{3E416ACB-E66B-49F2-8AD7-BA42EEFB8E51}.Release|x86.Build.0 = Release|Any CPU
		{F10FB641-F5B0-429C-A6C6-10F34BB46AC2}.Debug|Any CPU.ActiveCfg = Debug|Any CPU
		{F10FB641-F5B0-429C-A6C6-10F34BB46AC2}.Debug|Any CPU.Build.0 = Debug|Any CPU
		{F10FB641-F5B0-429C-A6C6-10F34BB46AC2}.Debug|x64.ActiveCfg = Debug|Any CPU
		{F10FB641-F5B0-429C-A6C6-10F34BB46AC2}.Debug|x64.Build.0 = Debug|Any CPU
		{F10FB641-F5B0-429C-A6C6-10F34BB46AC2}.Debug|x86.ActiveCfg = Debug|Any CPU
		{F10FB641-F5B0-429C-A6C6-10F34BB46AC2}.Debug|x86.Build.0 = Debug|Any CPU
		{F10FB641-F5B0-429C-A6C6-10F34BB46AC2}.Release|Any CPU.ActiveCfg = Release|Any CPU
		{F10FB641-F5B0-429C-A6C6-10F34BB46AC2}.Release|Any CPU.Build.0 = Release|Any CPU
		{F10FB641-F5B0-429C-A6C6-10F34BB46AC2}.Release|x64.ActiveCfg = Release|Any CPU
		{F10FB641-F5B0-429C-A6C6-10F34BB46AC2}.Release|x64.Build.0 = Release|Any CPU
		{F10FB641-F5B0-429C-A6C6-10F34BB46AC2}.Release|x86.ActiveCfg = Release|Any CPU
		{F10FB641-F5B0-429C-A6C6-10F34BB46AC2}.Release|x86.Build.0 = Release|Any CPU
		{054B3405-454D-426D-AC8F-78A11CD845DF}.Debug|Any CPU.ActiveCfg = Debug|Any CPU
		{054B3405-454D-426D-AC8F-78A11CD845DF}.Debug|Any CPU.Build.0 = Debug|Any CPU
		{054B3405-454D-426D-AC8F-78A11CD845DF}.Debug|x64.ActiveCfg = Debug|Any CPU
		{054B3405-454D-426D-AC8F-78A11CD845DF}.Debug|x64.Build.0 = Debug|Any CPU
		{054B3405-454D-426D-AC8F-78A11CD845DF}.Debug|x86.ActiveCfg = Debug|Any CPU
		{054B3405-454D-426D-AC8F-78A11CD845DF}.Debug|x86.Build.0 = Debug|Any CPU
		{054B3405-454D-426D-AC8F-78A11CD845DF}.Release|Any CPU.ActiveCfg = Release|Any CPU
		{054B3405-454D-426D-AC8F-78A11CD845DF}.Release|Any CPU.Build.0 = Release|Any CPU
		{054B3405-454D-426D-AC8F-78A11CD845DF}.Release|x64.ActiveCfg = Release|Any CPU
		{054B3405-454D-426D-AC8F-78A11CD845DF}.Release|x64.Build.0 = Release|Any CPU
		{054B3405-454D-426D-AC8F-78A11CD845DF}.Release|x86.ActiveCfg = Release|Any CPU
		{054B3405-454D-426D-AC8F-78A11CD845DF}.Release|x86.Build.0 = Release|Any CPU
		{EB27FBF1-5614-4A88-BD4B-7DE3AB47AC15}.Debug|Any CPU.ActiveCfg = Debug|Any CPU
		{EB27FBF1-5614-4A88-BD4B-7DE3AB47AC15}.Debug|Any CPU.Build.0 = Debug|Any CPU
		{EB27FBF1-5614-4A88-BD4B-7DE3AB47AC15}.Debug|x64.ActiveCfg = Debug|Any CPU
		{EB27FBF1-5614-4A88-BD4B-7DE3AB47AC15}.Debug|x64.Build.0 = Debug|Any CPU
		{EB27FBF1-5614-4A88-BD4B-7DE3AB47AC15}.Debug|x86.ActiveCfg = Debug|Any CPU
		{EB27FBF1-5614-4A88-BD4B-7DE3AB47AC15}.Debug|x86.Build.0 = Debug|Any CPU
		{EB27FBF1-5614-4A88-BD4B-7DE3AB47AC15}.Release|Any CPU.ActiveCfg = Release|Any CPU
		{EB27FBF1-5614-4A88-BD4B-7DE3AB47AC15}.Release|Any CPU.Build.0 = Release|Any CPU
		{EB27FBF1-5614-4A88-BD4B-7DE3AB47AC15}.Release|x64.ActiveCfg = Release|Any CPU
		{EB27FBF1-5614-4A88-BD4B-7DE3AB47AC15}.Release|x64.Build.0 = Release|Any CPU
		{EB27FBF1-5614-4A88-BD4B-7DE3AB47AC15}.Release|x86.ActiveCfg = Release|Any CPU
		{EB27FBF1-5614-4A88-BD4B-7DE3AB47AC15}.Release|x86.Build.0 = Release|Any CPU
		{DE72470F-6BAD-479D-93D2-0A560E982391}.Debug|Any CPU.ActiveCfg = Debug|Any CPU
		{DE72470F-6BAD-479D-93D2-0A560E982391}.Debug|Any CPU.Build.0 = Debug|Any CPU
		{DE72470F-6BAD-479D-93D2-0A560E982391}.Debug|x64.ActiveCfg = Debug|Any CPU
		{DE72470F-6BAD-479D-93D2-0A560E982391}.Debug|x64.Build.0 = Debug|Any CPU
		{DE72470F-6BAD-479D-93D2-0A560E982391}.Debug|x86.ActiveCfg = Debug|Any CPU
		{DE72470F-6BAD-479D-93D2-0A560E982391}.Debug|x86.Build.0 = Debug|Any CPU
		{DE72470F-6BAD-479D-93D2-0A560E982391}.Release|Any CPU.ActiveCfg = Release|Any CPU
		{DE72470F-6BAD-479D-93D2-0A560E982391}.Release|Any CPU.Build.0 = Release|Any CPU
		{DE72470F-6BAD-479D-93D2-0A560E982391}.Release|x64.ActiveCfg = Release|Any CPU
		{DE72470F-6BAD-479D-93D2-0A560E982391}.Release|x64.Build.0 = Release|Any CPU
		{DE72470F-6BAD-479D-93D2-0A560E982391}.Release|x86.ActiveCfg = Release|Any CPU
		{DE72470F-6BAD-479D-93D2-0A560E982391}.Release|x86.Build.0 = Release|Any CPU
	EndGlobalSection
	GlobalSection(SolutionProperties) = preSolution
		HideSolutionNode = FALSE
	EndGlobalSection
	GlobalSection(NestedProjects) = preSolution
		{F69E13CC-EBCD-45D4-A17D-8FA218616D35} = {C0DFF1FB-C502-4FC1-8938-C2290D5E5ED1}
		{874B5931-6537-4E99-A30B-82596677A0CB} = {C0DFF1FB-C502-4FC1-8938-C2290D5E5ED1}
		{44A48205-7E81-4D54-A563-310931A4EAEA} = {C0DFF1FB-C502-4FC1-8938-C2290D5E5ED1}
		{D2973952-C48F-48AE-A2B6-E6EF6466625F} = {C0DFF1FB-C502-4FC1-8938-C2290D5E5ED1}
		{0C29E9BC-20DF-4FB5-83B3-5F1B59463216} = {979D112E-4CF1-4C42-BC45-975703D61C20}
		{92A34DCE-E070-4CD3-A98F-FF83E35F3BAD} = {41F23E73-EB1F-494C-84ED-6F693F67B3F6}
		{C0ECE595-EF3B-400E-A079-1A2FEDF31CA6} = {41F23E73-EB1F-494C-84ED-6F693F67B3F6}
		{59A5E81D-936A-47D8-A84C-9C6C1FD46E7A} = {1EE243CC-B38A-41EF-B854-B775BCBAE165}
		{530731A8-4F1F-4EE2-AB6F-30AE8C86DAFB} = {59A5E81D-936A-47D8-A84C-9C6C1FD46E7A}
		{4BFA22B4-0570-4AFD-8948-2EC95E9ED107} = {59A5E81D-936A-47D8-A84C-9C6C1FD46E7A}
		{B1EA9978-5116-4317-A1A7-62181E0579B8} = {59A5E81D-936A-47D8-A84C-9C6C1FD46E7A}
		{38CBE2F5-B5C8-4FC8-8DA5-0F667F02DFE1} = {59A5E81D-936A-47D8-A84C-9C6C1FD46E7A}
		{FA07B77E-5A50-4AB7-8643-9E083661D770} = {1EE243CC-B38A-41EF-B854-B775BCBAE165}
		{9A5524D2-284C-43F3-9A96-FBF8FB07528C} = {FA07B77E-5A50-4AB7-8643-9E083661D770}
		{33CF738D-0183-436E-814F-BA056F9E90F3} = {FA07B77E-5A50-4AB7-8643-9E083661D770}
		{2799848B-BC1E-4A00-A0E2-588F7F8AA0E5} = {FA07B77E-5A50-4AB7-8643-9E083661D770}
		{4F49DE96-CC32-4785-AC86-A0A95018E541} = {FA07B77E-5A50-4AB7-8643-9E083661D770}
		{2A8A497F-EC3B-4E3A-91FD-7EFE78D50E53} = {1EE243CC-B38A-41EF-B854-B775BCBAE165}
		{0614FAA8-CA46-46C9-8D48-D96456F784D4} = {2A8A497F-EC3B-4E3A-91FD-7EFE78D50E53}
		{3526142D-288D-4A95-9527-7A93A989247B} = {2A8A497F-EC3B-4E3A-91FD-7EFE78D50E53}
		{F8B8AD4D-AC23-4921-89A9-20A19B414FE9} = {2A8A497F-EC3B-4E3A-91FD-7EFE78D50E53}
		{4166F6A3-7CA3-4E39-BE9E-5298B8E7B085} = {2A8A497F-EC3B-4E3A-91FD-7EFE78D50E53}
		{F24993FF-BAFC-4D70-809B-83F120A12973} = {1EE243CC-B38A-41EF-B854-B775BCBAE165}
		{32D64FB5-722C-409E-B39C-3EC1446179C6} = {F24993FF-BAFC-4D70-809B-83F120A12973}
		{55CA65D7-3CF7-4FE6-9B23-2DE7F09DFB7E} = {F24993FF-BAFC-4D70-809B-83F120A12973}
		{2A0F89A9-87B0-44F8-B458-66B83AB4EF58} = {F24993FF-BAFC-4D70-809B-83F120A12973}
		{DC690852-2590-4DB3-A48F-F9FC1D9AF90F} = {F24993FF-BAFC-4D70-809B-83F120A12973}
		{20263AB5-0FEF-4E27-BDDD-A62548F7A70A} = {1EE243CC-B38A-41EF-B854-B775BCBAE165}
		{EC4C5407-24DE-4717-9F7E-52BA4FB7490B} = {20263AB5-0FEF-4E27-BDDD-A62548F7A70A}
		{2C92718A-B0E7-4C4D-BC1B-6FFCCE97CB6F} = {20263AB5-0FEF-4E27-BDDD-A62548F7A70A}
		{3E416ACB-E66B-49F2-8AD7-BA42EEFB8E51} = {20263AB5-0FEF-4E27-BDDD-A62548F7A70A}
		{F10FB641-F5B0-429C-A6C6-10F34BB46AC2} = {20263AB5-0FEF-4E27-BDDD-A62548F7A70A}
		{054B3405-454D-426D-AC8F-78A11CD845DF} = {1D6AF0CB-374D-4015-894F-1A115BAE7C44}
		{EB27FBF1-5614-4A88-BD4B-7DE3AB47AC15} = {1D6AF0CB-374D-4015-894F-1A115BAE7C44}
		{B462F0A6-40D5-4AE4-9568-5E3A3F314D42} = {EE05DC7B-A5D5-4EB6-9E02-0A984FC0241A}
		{D5A932A5-2B4E-483E-89FB-BDE8D36FE41D} = {EE05DC7B-A5D5-4EB6-9E02-0A984FC0241A}
		{64B40B87-5FBD-4B94-B672-4E313D1514C8} = {EE05DC7B-A5D5-4EB6-9E02-0A984FC0241A}
		{DE72470F-6BAD-479D-93D2-0A560E982391} = {B462F0A6-40D5-4AE4-9568-5E3A3F314D42}
	EndGlobalSection
	GlobalSection(ExtensibilityGlobals) = postSolution
		SolutionGuid = {4822AA38-A239-4E3C-9453-888047CCF89D}
	EndGlobalSection
EndGlobal
